
Microsoft Visual Studio Solution File, Format Version 12.00
# Visual Studio Version 16
VisualStudioVersion = 16.0.32126.315
MinimumVisualStudioVersion = 10.0.40219.1
Project("{8BC9CEB8-8B4A-11D0-8D11-00A0C91BC942}") = "000_P1_Hablar_usuario_V2", "000_P1_Hablar_usuario_V2\000_P1_Hablar_usuario_V2.vcxproj", "{1D5F29E7-6C83-4A5C-AA24-C9AE7E0F2CCE}"
EndProject
Global
	GlobalSection(SolutionConfigurationPlatforms) = preSolution
		Debug|x64 = Debug|x64
		Debug|x86 = Debug|x86
		Release|x64 = Release|x64
		Release|x86 = Release|x86
	EndGlobalSection
	GlobalSection(ProjectConfigurationPlatforms) = postSolution
		{1D5F29E7-6C83-4A5C-AA24-C9AE7E0F2CCE}.Debug|x64.ActiveCfg = Debug|x64
		{1D5F29E7-6C83-4A5C-AA24-C9AE7E0F2CCE}.Debug|x64.Build.0 = Debug|x64
		{1D5F29E7-6C83-4A5C-AA24-C9AE7E0F2CCE}.Debug|x86.ActiveCfg = Debug|Win32
		{1D5F29E7-6C83-4A5C-AA24-C9AE7E0F2CCE}.Debug|x86.Build.0 = Debug|Win32
		{1D5F29E7-6C83-4A5C-AA24-C9AE7E0F2CCE}.Release|x64.ActiveCfg = Release|x64
		{1D5F29E7-6C83-4A5C-AA24-C9AE7E0F2CCE}.Release|x64.Build.0 = Release|x64
		{1D5F29E7-6C83-4A5C-AA24-C9AE7E0F2CCE}.Release|x86.ActiveCfg = Release|Win32
		{1D5F29E7-6C83-4A5C-AA24-C9AE7E0F2CCE}.Release|x86.Build.0 = Release|Win32
	EndGlobalSection
	GlobalSection(SolutionProperties) = preSolution
		HideSolutionNode = FALSE
	EndGlobalSection
	GlobalSection(ExtensibilityGlobals) = postSolution
		SolutionGuid = {20FB8505-EE69-4FEF-94E4-CAB43930EDEB}
	EndGlobalSection
EndGlobal
